
Microsoft Visual Studio Solution File, Format Version 12.00
# Visual Studio 15
VisualStudioVersion = 15.0.27428.2043
MinimumVisualStudioVersion = 10.0.40219.1
Project("{FAE04EC0-301F-11D3-BF4B-00C04F79EFBC}") = "Threading", "Threading\Threading.csproj", "{FF625B97-83B3-473D-8951-A0FF561B5BBD}"
EndProject
Global
	GlobalSection(SolutionConfigurationPlatforms) = preSolution
		Debug|Any CPU = Debug|Any CPU
		Release|Any CPU = Release|Any CPU
	EndGlobalSection
	GlobalSection(ProjectConfigurationPlatforms) = postSolution
		{FF625B97-83B3-473D-8951-A0FF561B5BBD}.Debug|Any CPU.ActiveCfg = Debug|Any CPU
		{FF625B97-83B3-473D-8951-A0FF561B5BBD}.Debug|Any CPU.Build.0 = Debug|Any CPU
		{FF625B97-83B3-473D-8951-A0FF561B5BBD}.Release|Any CPU.ActiveCfg = Release|Any CPU
		{FF625B97-83B3-473D-8951-A0FF561B5BBD}.Release|Any CPU.Build.0 = Release|Any CPU
	EndGlobalSection
	GlobalSection(SolutionProperties) = preSolution
		HideSolutionNode = FALSE
	EndGlobalSection
	GlobalSection(ExtensibilityGlobals) = postSolution
		SolutionGuid = {F5018A35-9D46-4392-B890-3166F922E507}
	EndGlobalSection
EndGlobal
